
Microsoft Visual Studio Solution File, Format Version 12.00
# Visual Studio Version 16
VisualStudioVersion = 16.0.29728.190
MinimumVisualStudioVersion = 10.0.40219.1
Project("{9A19103F-16F7-4668-BE54-9A1E7A4F7556}") = "EzNbt", "EzNbt\EzNbt.csproj", "{2A3F1517-AF04-443E-B9B9-315999031168}"
EndProject
Project("{FAE04EC0-301F-11D3-BF4B-00C04F79EFBC}") = "EzNbtTests", "EzNbtTests\EzNbtTests.csproj", "{AFDDDDA3-9A3A-43E9-B0D1-6339A650D52C}"
EndProject
Global
	GlobalSection(SolutionConfigurationPlatforms) = preSolution
		Debug|Any CPU = Debug|Any CPU
		Release|Any CPU = Release|Any CPU
	EndGlobalSection
	GlobalSection(ProjectConfigurationPlatforms) = postSolution
		{2A3F1517-AF04-443E-B9B9-315999031168}.Debug|Any CPU.ActiveCfg = Debug|Any CPU
		{2A3F1517-AF04-443E-B9B9-315999031168}.Debug|Any CPU.Build.0 = Debug|Any CPU
		{2A3F1517-AF04-443E-B9B9-315999031168}.Release|Any CPU.ActiveCfg = Release|Any CPU
		{2A3F1517-AF04-443E-B9B9-315999031168}.Release|Any CPU.Build.0 = Release|Any CPU
		{AFDDDDA3-9A3A-43E9-B0D1-6339A650D52C}.Debug|Any CPU.ActiveCfg = Debug|Any CPU
		{AFDDDDA3-9A3A-43E9-B0D1-6339A650D52C}.Debug|Any CPU.Build.0 = Debug|Any CPU
		{AFDDDDA3-9A3A-43E9-B0D1-6339A650D52C}.Release|Any CPU.ActiveCfg = Release|Any CPU
		{AFDDDDA3-9A3A-43E9-B0D1-6339A650D52C}.Release|Any CPU.Build.0 = Release|Any CPU
	EndGlobalSection
	GlobalSection(SolutionProperties) = preSolution
		HideSolutionNode = FALSE
	EndGlobalSection
	GlobalSection(ExtensibilityGlobals) = postSolution
		SolutionGuid = {D9CF6918-7CEB-4F30-A162-B28A2163D117}
	EndGlobalSection
EndGlobal
